{
  "nodes": {
    "flake-compat": {
      "flake": false,
      "locked": {
        "lastModified": 1733328505,
        "narHash": "sha256-NeCCThCEP3eCl2l/+27kNNK7QrwZB1IJCrXfrbv5oqU=",
        "owner": "edolstra",
        "repo": "flake-compat",
        "rev": "ff81ac966bb2cae68946d5ed5fc4994f96d0ffec",
        "type": "github"
      },
      "original": {
        "owner": "edolstra",
        "repo": "flake-compat",
        "type": "github"
      }
    },
    "home-manager": {
      "inputs": {
        "nixpkgs": [
          "nixpkgs"
        ]
      },
      "locked": {
        "lastModified": 1746204974,
        "narHash": "sha256-Evu4H0/kzaQoCNLGQTp+JGTqkywzPx0IAo20Ci2zNck=",
        "owner": "nix-community",
        "repo": "home-manager",
        "rev": "1e8c62c651242fc685b10efc4a48ab777635fb7f",
        "type": "github"
      },
      "original": {
        "owner": "nix-community",
        "repo": "home-manager",
        "type": "github"
      }
    },
    "nix-darwin": {
      "inputs": {
        "nixpkgs": [
          "nixpkgs"
        ]
      },
      "locked": {
        "lastModified": 1745816321,
        "narHash": "sha256-Gyh/fkCDqVNGM0BWvk+4UAS17w2UI6iwnbQQCmc1TDI=",
        "owner": "LnL7",
        "repo": "nix-darwin",
        "rev": "4515dacafb0ccd42e5395aacc49fd58a43027e01",
        "type": "github"
      },
      "original": {
        "owner": "LnL7",
        "repo": "nix-darwin",
        "type": "github"
      }
    },
    "nix-index-database": {
      "inputs": {
        "nixpkgs": [
          "nixpkgs"
        ]
      },
      "locked": {
        "lastModified": 1746054057,
        "narHash": "sha256-iR+idGZJ191cY6NBXyVjh9QH8GVWTkvZw/w+1Igy45A=",
        "owner": "nix-community",
        "repo": "nix-index-database",
        "rev": "13ba07d54c6ccc5af30a501df669bf3fe3dd4db8",
        "type": "github"
      },
      "original": {
        "owner": "nix-community",
        "repo": "nix-index-database",
        "type": "github"
      }
    },
    "nix-wsl": {
      "inputs": {
        "flake-compat": "flake-compat",
        "nixpkgs": [
          "nixpkgs"
        ]
      },
      "locked": {
        "lastModified": 1744290088,
        "narHash": "sha256-/X9XVEl0EiyisNbF5srrxXRSVoRqdwExuqyspYqqEjQ=",
        "owner": "nix-community",
        "repo": "NixOS-WSL",
        "rev": "60b4904a1390ac4c89e93d95f6ed928975e525ed",
        "type": "github"
      },
      "original": {
        "owner": "nix-community",
        "repo": "NixOS-WSL",
        "type": "github"
      }
    },
    "nixpkgs": {
      "locked": {
        "lastModified": 1746141548,
        "narHash": "sha256-IgBWhX7A2oJmZFIrpRuMnw5RAufVnfvOgHWgIdds+hc=",
        "owner": "nixos",
        "repo": "nixpkgs",
        "rev": "f02fddb8acef29a8b32f10a335d44828d7825b78",
        "type": "github"
      },
      "original": {
        "owner": "nixos",
        "ref": "nixos-unstable",
        "repo": "nixpkgs",
        "type": "github"
      }
    },
    "root": {
      "inputs": {
        "home-manager": "home-manager",
        "nix-darwin": "nix-darwin",
        "nix-index-database": "nix-index-database",
        "nix-wsl": "nix-wsl",
        "nixpkgs": "nixpkgs"
      }
    }
  },
  "root": "root",
  "version": 7
}
